
Microsoft Visual Studio Solution File, Format Version 12.00
# Visual Studio Version 16
VisualStudioVersion = 16.0.31424.327
MinimumVisualStudioVersion = 10.0.40219.1
Project("{FAE04EC0-301F-11D3-BF4B-00C04F79EFBC}") = "TP3", "TP3.csproj", "{5454FDFE-7599-4723-A67B-3A429406F812}"
EndProject
Global
	GlobalSection(SolutionConfigurationPlatforms) = preSolution
		Debug|Any CPU = Debug|Any CPU
		Release|Any CPU = Release|Any CPU
	EndGlobalSection
	GlobalSection(ProjectConfigurationPlatforms) = postSolution
		{5454FDFE-7599-4723-A67B-3A429406F812}.Debug|Any CPU.ActiveCfg = Debug|Any CPU
		{5454FDFE-7599-4723-A67B-3A429406F812}.Debug|Any CPU.Build.0 = Debug|Any CPU
		{5454FDFE-7599-4723-A67B-3A429406F812}.Release|Any CPU.ActiveCfg = Release|Any CPU
		{5454FDFE-7599-4723-A67B-3A429406F812}.Release|Any CPU.Build.0 = Release|Any CPU
	EndGlobalSection
	GlobalSection(SolutionProperties) = preSolution
		HideSolutionNode = FALSE
	EndGlobalSection
	GlobalSection(ExtensibilityGlobals) = postSolution
		SolutionGuid = {59C52B8A-AB4C-48BE-907F-5614D5DC1121}
	EndGlobalSection
EndGlobal
